// !$*UTF8*$!
{
	archiveVersion = 1;
	classes = {
	};
	objectVersion = 50;
	objects = {

/* Begin PBXBuildFile section */
		803FF48521735898000DC815 /* AppDelegate.swift in Sources */ = {isa = PBXBuildFile; fileRef = 803FF48421735898000DC815 /* AppDelegate.swift */; };
		803FF48C2173589C000DC815 /* Assets.xcassets in Resources */ = {isa = PBXBuildFile; fileRef = 803FF48B2173589C000DC815 /* Assets.xcassets */; };
		803FF48F2173589C000DC815 /* LaunchScreen.storyboard in Resources */ = {isa = PBXBuildFile; fileRef = 803FF48D2173589C000DC815 /* LaunchScreen.storyboard */; };
		BA12233081978007CE92938B /* Pods_PullUpControllerBugExample.framework in Frameworks */ = {isa = PBXBuildFile; fileRef = 26D0390924B160FEF7AE4BA8 /* Pods_PullUpControllerBugExample.framework */; };
/* End PBXBuildFile section */

/* Begin PBXFileReference section */
		26D0390924B160FEF7AE4BA8 /* Pods_PullUpControllerBugExample.framework */ = {isa = PBXFileReference; explicitFileType = wrapper.framework; includeInIndex = 0; path = Pods_PullUpControllerBugExample.framework; sourceTree = BUILT_PRODUCTS_DIR; };
		77519A968DCAF5D002243895 /* Pods-PullUpControllerBugExample.debug.xcconfig */ = {isa = PBXFileReference; includeInIndex = 1; lastKnownFileType = text.xcconfig; name = "Pods-PullUpControllerBugExample.debug.xcconfig"; path = "Pods/Target Support Files/Pods-PullUpControllerBugExample/Pods-PullUpControllerBugExample.debug.xcconfig"; sourceTree = "<group>"; };
		803FF48121735898000DC815 /* PullUpControllerBugExample.app */ = {isa = PBXFileReference; explicitFileType = wrapper.application; includeInIndex = 0; path = PullUpControllerBugExample.app; sourceTree = BUILT_PRODUCTS_DIR; };
		803FF48421735898000DC815 /* AppDelegate.swift */ = {isa = PBXFileReference; lastKnownFileType = sourcecode.swift; path = AppDelegate.swift; sourceTree = "<group>"; };
		803FF48B2173589C000DC815 /* Assets.xcassets */ = {isa = PBXFileReference; lastKnownFileType = folder.assetcatalog; path = Assets.xcassets; sourceTree = "<group>"; };
		803FF48E2173589C000DC815 /* Base */ = {isa = PBXFileReference; lastKnownFileType = file.storyboard; name = Base; path = Base.lproj/LaunchScreen.storyboard; sourceTree = "<group>"; };
		803FF4902173589C000DC815 /* Info.plist */ = {isa = PBXFileReference; lastKnownFileType = text.plist.xml; path = Info.plist; sourceTree = "<group>"; };
		9D49145492E52F1321366D14 /* Pods-PullUpControllerBugExample.release.xcconfig */ = {isa = PBXFileReference; includeInIndex = 1; lastKnownFileType = text.xcconfig; name = "Pods-PullUpControllerBugExample.release.xcconfig"; path = "Pods/Target Support Files/Pods-PullUpControllerBugExample/Pods-PullUpControllerBugExample.release.xcconfig"; sourceTree = "<group>"; };
/* End PBXFileReference section */

/* Begin PBXFrameworksBuildPhase section */
		803FF47E21735898000DC815 /* Frameworks */ = {
			isa = PBXFrameworksBuildPhase;
			buildActionMask = 2147483647;
			files = (
				BA12233081978007CE92938B /* Pods_PullUpControllerBugExample.framework in Frameworks */,
			);
			runOnlyForDeploymentPostprocessing = 0;
		};
/* End PBXFrameworksBuildPhase section */

/* Begin PBXGroup section */
		2163134F83B85742EC0607C9 /* Frameworks */ = {
			isa = PBXGroup;
			children = (
				26D0390924B160FEF7AE4BA8 /* Pods_PullUpControllerBugExample.framework */,
			);
			name = Frameworks;
			sourceTree = "<group>";
		};
		803AEE6721735C1C00A1EDA2 /* Application */ = {
			isa = PBXGroup;
			children = (
				803FF48421735898000DC815 /* AppDelegate.swift */,
				803FF48D2173589C000DC815 /* LaunchScreen.storyboard */,
				803FF4902173589C000DC815 /* Info.plist */,
			);
			path = Application;
			sourceTree = "<group>";
		};
		803AEE6821735C3800A1EDA2 /* Resources */ = {
			isa = PBXGroup;
			children = (
				803FF48B2173589C000DC815 /* Assets.xcassets */,
			);
			path = Resources;
			sourceTree = "<group>";
		};
		803FF47821735898000DC815 = {
			isa = PBXGroup;
			children = (
				803FF48321735898000DC815 /* PullUpControllerBugExample */,
				803FF48221735898000DC815 /* Products */,
				D5D27262D791C8C16B88E04F /* Pods */,
				2163134F83B85742EC0607C9 /* Frameworks */,
			);
			sourceTree = "<group>";
		};
		803FF48221735898000DC815 /* Products */ = {
			isa = PBXGroup;
			children = (
				803FF48121735898000DC815 /* PullUpControllerBugExample.app */,
			);
			name = Products;
			sourceTree = "<group>";
		};
		803FF48321735898000DC815 /* PullUpControllerBugExample */ = {
			isa = PBXGroup;
			children = (
				803AEE6821735C3800A1EDA2 /* Resources */,
				803AEE6721735C1C00A1EDA2 /* Application */,
			);
			path = PullUpControllerBugExample;
			sourceTree = "<group>";
		};
		D5D27262D791C8C16B88E04F /* Pods */ = {
			isa = PBXGroup;
			children = (
				77519A968DCAF5D002243895 /* Pods-PullUpControllerBugExample.debug.xcconfig */,
				9D49145492E52F1321366D14 /* Pods-PullUpControllerBugExample.release.xcconfig */,
			);
			name = Pods;
			sourceTree = "<group>";
		};
/* End PBXGroup section */

/* Begin PBXNativeTarget section */
		803FF48021735898000DC815 /* PullUpControllerBugExample */ = {
			isa = PBXNativeTarget;
			buildConfigurationList = 803FF4932173589C000DC815 /* Build configuration list for PBXNativeTarget "PullUpControllerBugExample" */;
			buildPhases = (
				37744A4D13B6D31A1F9F21C7 /* [CP] Check Pods Manifest.lock */,
				803FF47D21735898000DC815 /* Sources */,
				803FF47E21735898000DC815 /* Frameworks */,
				803FF47F21735898000DC815 /* Resources */,
				E90A94396EB2178E18E51FB0 /* [CP] Embed Pods Frameworks */,
				4F1CADDF45605A2B2F6E14D0 /* [CP] Copy Pods Resources */,
			);
			buildRules = (
			);
			dependencies = (
			);
			name = PullUpControllerBugExample;
			productName = PullUpControllerBugExample;
			productReference = 803FF48121735898000DC815 /* PullUpControllerBugExample.app */;
			productType = "com.apple.product-type.application";
		};
/* End PBXNativeTarget section */

/* Begin PBXProject section */
		803FF47921735898000DC815 /* Project object */ = {
			isa = PBXProject;
			attributes = {
				LastSwiftUpdateCheck = 1000;
				LastUpgradeCheck = 1000;
				ORGANIZATIONNAME = "Vlad Krupenko";
				TargetAttributes = {
					803FF48021735898000DC815 = {
						CreatedOnToolsVersion = 10.0;
					};
				};
			};
			buildConfigurationList = 803FF47C21735898000DC815 /* Build configuration list for PBXProject "PullUpControllerBugExample" */;
			compatibilityVersion = "Xcode 9.3";
			developmentRegion = en;
			hasScannedForEncodings = 0;
			knownRegions = (
				en,
				Base,
			);
			mainGroup = 803FF47821735898000DC815;
			productRefGroup = 803FF48221735898000DC815 /* Products */;
			projectDirPath = "";
			projectRoot = "";
			targets = (
				803FF48021735898000DC815 /* PullUpControllerBugExample */,
			);
		};
/* End PBXProject section */

/* Begin PBXResourcesBuildPhase section */
		803FF47F21735898000DC815 /* Resources */ = {
			isa = PBXResourcesBuildPhase;
			buildActionMask = 2147483647;
			files = (
				803FF48F2173589C000DC815 /* LaunchScreen.storyboard in Resources */,
				803FF48C2173589C000DC815 /* Assets.xcassets in Resources */,
			);
			runOnlyForDeploymentPostprocessing = 0;
		};
/* End PBXResourcesBuildPhase section */

/* Begin PBXShellScriptBuildPhase section */
		37744A4D13B6D31A1F9F21C7 /* [CP] Check Pods Manifest.lock */ = {
			isa = PBXShellScriptBuildPhase;
			buildActionMask = 2147483647;
			files = (
			);
			inputPaths = (
				"${PODS_PODFILE_DIR_PATH}/Podfile.lock",
				"${PODS_ROOT}/Manifest.lock",
			);
			name = "[CP] Check Pods Manifest.lock";
			outputPaths = (
				"$(DERIVED_FILE_DIR)/Pods-PullUpControllerBugExample-checkManifestLockResult.txt",
			);
			runOnlyForDeploymentPostprocessing = 0;
			shellPath = /bin/sh;
			shellScript = "diff \"${PODS_PODFILE_DIR_PATH}/Podfile.lock\" \"${PODS_ROOT}/Manifest.lock\" > /dev/null\nif [ $? != 0 ] ; then\n    # print error to STDERR\n    echo \"error: The sandbox is not in sync with the Podfile.lock. Run 'pod install' or update your CocoaPods installation.\" >&2\n    exit 1\nfi\n# This output is used by Xcode 'outputs' to avoid re-running this script phase.\necho \"SUCCESS\" > \"${SCRIPT_OUTPUT_FILE_0}\"\n";
			showEnvVarsInLog = 0;
		};
		4F1CADDF45605A2B2F6E14D0 /* [CP] Copy Pods Resources */ = {
			isa = PBXShellScriptBuildPhase;
			buildActionMask = 2147483647;
			files = (
			);
			inputPaths = (
			);
			name = "[CP] Copy Pods Resources";
			outputPaths = (
			);
			runOnlyForDeploymentPostprocessing = 0;
			shellPath = /bin/sh;
			shellScript = "\"${SRCROOT}/Pods/Target Support Files/Pods-PullUpControllerBugExample/Pods-PullUpControllerBugExample-resources.sh\"\n";
			showEnvVarsInLog = 0;
		};
		E90A94396EB2178E18E51FB0 /* [CP] Embed Pods Frameworks */ = {
			isa = PBXShellScriptBuildPhase;
			buildActionMask = 2147483647;
			files = (
			);
			inputPaths = (
				"${SRCROOT}/Pods/Target Support Files/Pods-PullUpControllerBugExample/Pods-PullUpControllerBugExample-frameworks.sh",
				"${BUILT_PRODUCTS_DIR}/PullUpController/PullUpController.framework",
			);
			name = "[CP] Embed Pods Frameworks";
			outputPaths = (
				"${TARGET_BUILD_DIR}/${FRAMEWORKS_FOLDER_PATH}/PullUpController.framework",
			);
			runOnlyForDeploymentPostprocessing = 0;
			shellPath = /bin/sh;
			shellScript = "\"${SRCROOT}/Pods/Target Support Files/Pods-PullUpControllerBugExample/Pods-PullUpControllerBugExample-frameworks.sh\"\n";
			showEnvVarsInLog = 0;
		};
/* End PBXShellScriptBuildPhase section */

/* Begin PBXSourcesBuildPhase section */
		803FF47D21735898000DC815 /* Sources */ = {
			isa = PBXSourcesBuildPhase;
			buildActionMask = 2147483647;
			files = (
				803FF48521735898000DC815 /* AppDelegate.swift in Sources */,
			);
			runOnlyForDeploymentPostprocessing = 0;
		};
/* End PBXSourcesBuildPhase section */

/* Begin PBXVariantGroup section */
		803FF48D2173589C000DC815 /* LaunchScreen.storyboard */ = {
			isa = PBXVariantGroup;
			children = (
				803FF48E2173589C000DC815 /* Base */,
			);
			name = LaunchScreen.storyboard;
			sourceTree = "<group>";
		};
/* End PBXVariantGroup section */

/* Begin XCBuildConfiguration section */
		803FF4912173589C000DC815 /* Debug */ = {
			isa = XCBuildConfiguration;
			buildSettings = {
				ALWAYS_SEARCH_USER_PATHS = NO;
				CLANG_ANALYZER_NONNULL = YES;
				CLANG_ANALYZER_NUMBER_OBJECT_CONVERSION = YES_AGGRESSIVE;
				CLANG_CXX_LANGUAGE_STANDARD = "gnu++14";
				CLANG_CXX_LIBRARY = "libc++";
				CLANG_ENABLE_MODULES = YES;
				CLANG_ENABLE_OBJC_ARC = YES;
				CLANG_ENABLE_OBJC_WEAK = YES;
				CLANG_WARN_BLOCK_CAPTURE_AUTORELEASING = YES;
				CLANG_WARN_BOOL_CONVERSION = YES;
				CLANG_WARN_COMMA = YES;
				CLANG_WARN_CONSTANT_CONVERSION = YES;
				CLANG_WARN_DEPRECATED_OBJC_IMPLEMENTATIONS = YES;
				CLANG_WARN_DIRECT_OBJC_ISA_USAGE = YES_ERROR;
				CLANG_WARN_DOCUMENTATION_COMMENTS = YES;
				CLANG_WARN_EMPTY_BODY = YES;
				CLANG_WARN_ENUM_CONVERSION = YES;
				CLANG_WARN_INFINITE_RECURSION = YES;
				CLANG_WARN_INT_CONVERSION = YES;
				CLANG_WARN_NON_LITERAL_NULL_CONVERSION = YES;
				CLANG_WARN_OBJC_IMPLICIT_RETAIN_SELF = YES;
				CLANG_WARN_OBJC_LITERAL_CONVERSION = YES;
				CLANG_WARN_OBJC_ROOT_CLASS = YES_ERROR;
				CLANG_WARN_RANGE_LOOP_ANALYSIS = YES;
				CLANG_WARN_STRICT_PROTOTYPES = YES;
				CLANG_WARN_SUSPICIOUS_MOVE = YES;
				CLANG_WARN_UNGUARDED_AVAILABILITY = YES_AGGRESSIVE;
				CLANG_WARN_UNREACHABLE_CODE = YES;
				CLANG_WARN__DUPLICATE_METHOD_MATCH = YES;
				CODE_SIGN_IDENTITY = "iPhone Developer";
				COPY_PHASE_STRIP = NO;
				DEBUG_INFORMATION_FORMAT = dwarf;
				ENABLE_STRICT_OBJC_MSGSEND = YES;
				ENABLE_TESTABILITY = YES;
				GCC_C_LANGUAGE_STANDARD = gnu11;
				GCC_DYNAMIC_NO_PIC = NO;
				GCC_NO_COMMON_BLOCKS = YES;
				GCC_OPTIMIZATION_LEVEL = 0;
				GCC_PREPROCESSOR_DEFINITIONS = (
					"DEBUG=1",
					"$(inherited)",
				);
				GCC_WARN_64_TO_32_BIT_CONVERSION = YES;
				GCC_WARN_ABOUT_RETURN_TYPE = YES_ERROR;
				GCC_WARN_UNDECLARED_SELECTOR = YES;
				GCC_WARN_UNINITIALIZED_AUTOS = YES_AGGRESSIVE;
				GCC_WARN_UNUSED_FUNCTION = YES;
				GCC_WARN_UNUSED_VARIABLE = YES;
				IPHONEOS_DEPLOYMENT_TARGET = 12.0;
				MTL_ENABLE_DEBUG_INFO = INCLUDE_SOURCE;
				MTL_FAST_MATH = YES;
				ONLY_ACTIVE_ARCH = YES;
				SDKROOT = iphoneos;
				SWIFT_ACTIVE_COMPILATION_CONDITIONS = DEBUG;
				SWIFT_OPTIMIZATION_LEVEL = "-Onone";
			};
			name = Debug;
		};
		803FF4922173589C000DC815 /* Release */ = {
			isa = XCBuildConfiguration;
			buildSettings = {
				ALWAYS_SEARCH_USER_PATHS = NO;
				CLANG_ANALYZER_NONNULL = YES;
				CLANG_ANALYZER_NUMBER_OBJECT_CONVERSION = YES_AGGRESSIVE;
				CLANG_CXX_LANGUAGE_STANDARD = "gnu++14";
				CLANG_CXX_LIBRARY = "libc++";
				CLANG_ENABLE_MODULES = YES;
				CLANG_ENABLE_OBJC_ARC = YES;
				CLANG_ENABLE_OBJC_WEAK = YES;
				CLANG_WARN_BLOCK_CAPTURE_AUTORELEASING = YES;
				CLANG_WARN_BOOL_CONVERSION = YES;
				CLANG_WARN_COMMA = YES;
				CLANG_WARN_CONSTANT_CONVERSION = YES;
				CLANG_WARN_DEPRECATED_OBJC_IMPLEMENTATIONS = YES;
				CLANG_WARN_DIRECT_OBJC_ISA_USAGE = YES_ERROR;
				CLANG_WARN_DOCUMENTATION_COMMENTS = YES;
				CLANG_WARN_EMPTY_BODY = YES;
				CLANG_WARN_ENUM_CONVERSION = YES;
				CLANG_WARN_INFINITE_RECURSION = YES;
				CLANG_WARN_INT_CONVERSION = YES;
				CLANG_WARN_NON_LITERAL_NULL_CONVERSION = YES;
				CLANG_WARN_OBJC_IMPLICIT_RETAIN_SELF = YES;
				CLANG_WARN_OBJC_LITERAL_CONVERSION = YES;
				CLANG_WARN_OBJC_ROOT_CLASS = YES_ERROR;
				CLANG_WARN_RANGE_LOOP_ANALYSIS = YES;
				CLANG_WARN_STRICT_PROTOTYPES = YES;
				CLANG_WARN_SUSPICIOUS_MOVE = YES;
				CLANG_WARN_UNGUARDED_AVAILABILITY = YES_AGGRESSIVE;
				CLANG_WARN_UNREACHABLE_CODE = YES;
				CLANG_WARN__DUPLICATE_METHOD_MATCH = YES;
				CODE_SIGN_IDENTITY = "iPhone Developer";
				COPY_PHASE_STRIP = NO;
				DEBUG_INFORMATION_FORMAT = "dwarf-with-dsym";
				ENABLE_NS_ASSERTIONS = NO;
				ENABLE_STRICT_OBJC_MSGSEND = YES;
				GCC_C_LANGUAGE_STANDARD = gnu11;
				GCC_NO_COMMON_BLOCKS = YES;
				GCC_WARN_64_TO_32_BIT_CONVERSION = YES;
				GCC_WARN_ABOUT_RETURN_TYPE = YES_ERROR;
				GCC_WARN_UNDECLARED_SELECTOR = YES;
				GCC_WARN_UNINITIALIZED_AUTOS = YES_AGGRESSIVE;
				GCC_WARN_UNUSED_FUNCTION = YES;
				GCC_WARN_UNUSED_VARIABLE = YES;
				IPHONEOS_DEPLOYMENT_TARGET = 12.0;
				MTL_ENABLE_DEBUG_INFO = NO;
				MTL_FAST_MATH = YES;
				SDKROOT = iphoneos;
				SWIFT_COMPILATION_MODE = wholemodule;
				SWIFT_OPTIMIZATION_LEVEL = "-O";
				VALIDATE_PRODUCT = YES;
			};
			name = Release;
		};
		803FF4942173589C000DC815 /* Debug */ = {
			isa = XCBuildConfiguration;
			baseConfigurationReference = 77519A968DCAF5D002243895 /* Pods-PullUpControllerBugExample.debug.xcconfig */;
			buildSettings = {
				ASSETCATALOG_COMPILER_APPICON_NAME = AppIcon;
				CODE_SIGN_STYLE = Automatic;
				DEVELOPMENT_TEAM = JE6A9LTMD3;
				INFOPLIST_FILE = PullUpControllerBugExample/Info.plist;
				IPHONEOS_DEPLOYMENT_TARGET = 11.0;
				LD_RUNPATH_SEARCH_PATHS = (
					"$(inherited)",
					"@executable_path/Frameworks",
				);
				PRODUCT_BUNDLE_IDENTIFIER = com.fixique.PullUpControllerBugExample;
				PRODUCT_NAME = "$(TARGET_NAME)";
				SWIFT_VERSION = 4.2;
				TARGETED_DEVICE_FAMILY = 1;
			};
			name = Debug;
		};
		803FF4952173589C000DC815 /* Release */ = {
			isa = XCBuildConfiguration;
			baseConfigurationReference = 9D49145492E52F1321366D14 /* Pods-PullUpControllerBugExample.release.xcconfig */;
			buildSettings = {
				ASSETCATALOG_COMPILER_APPICON_NAME = AppIcon;
				CODE_SIGN_STYLE = Automatic;
				DEVELOPMENT_TEAM = JE6A9LTMD3;
				INFOPLIST_FILE = PullUpControllerBugExample/Info.plist;
				IPHONEOS_DEPLOYMENT_TARGET = 11.0;
				LD_RUNPATH_SEARCH_PATHS = (
					"$(inherited)",
					"@executable_path/Frameworks",
				);
				PRODUCT_BUNDLE_IDENTIFIER = com.fixique.PullUpControllerBugExample;
				PRODUCT_NAME = "$(TARGET_NAME)";
				SWIFT_VERSION = 4.2;
				TARGETED_DEVICE_FAMILY = 1;
			};
			name = Release;
		};
/* End XCBuildConfiguration section */

/* Begin XCConfigurationList section */
		803FF47C21735898000DC815 /* Build configuration list for PBXProject "PullUpControllerBugExample" */ = {
			isa = XCConfigurationList;
			buildConfigurations = (
				803FF4912173589C000DC815 /* Debug */,
				803FF4922173589C000DC815 /* Release */,
			);
			defaultConfigurationIsVisible = 0;
			defaultConfigurationName = Release;
		};
		803FF4932173589C000DC815 /* Build configuration list for PBXNativeTarget "PullUpControllerBugExample" */ = {
			isa = XCConfigurationList;
			buildConfigurations = (
				803FF4942173589C000DC815 /* Debug */,
				803FF4952173589C000DC815 /* Release */,
			);
			defaultConfigurationIsVisible = 0;
			defaultConfigurationName = Release;
		};
/* End XCConfigurationList section */
	};
	rootObject = 803FF47921735898000DC815 /* Project object */;
}
